Microsoft Visual Studio Solution File, Format Version 12.00
# Visual Studio Version 17
VisualStudioVersion = 17.14.35906.104
MinimumVisualStudioVersion = 10.0.40219.1
Project("{FAE04EC0-301F-11D3-BF4B-00C04F79EFBC}") = "MultiSelectPackage", "MultiSelectPackage\MultiSelectPackage.csproj", "{68A763A5-4D9B-44DE-9D8B-3B41BE8F4D34}"
EndProject
Global
	GlobalSection(SolutionConfigurationPlatforms) = preSolution
		Debug|Any CPU = Debug|Any CPU
		Release|Any CPU = Release|Any CPU
	EndGlobalSection
	GlobalSection(ProjectConfigurationPlatforms) = postSolution
		{68A763A5-4D9B-44DE-9D8B-3B41BE8F4D34}.Debug|Any CPU.ActiveCfg = Debug|Any CPU
		{68A763A5-4D9B-44DE-9D8B-3B41BE8F4D34}.Debug|Any CPU.Build.0 = Debug|Any CPU
		{68A763A5-4D9B-44DE-9D8B-3B41BE8F4D34}.Release|Any CPU.ActiveCfg = Release|Any CPU
		{68A763A5-4D9B-44DE-9D8B-3B41BE8F4D34}.Release|Any CPU.Build.0 = Release|Any CPU
	EndGlobalSection
	GlobalSection(SolutionProperties) = preSolution
		HideSolutionNode = FALSE
	EndGlobalSection
	GlobalSection(ExtensibilityGlobals) = postSolution
		SolutionGuid = {F938A051-E8C0-479C-80A8-6D3843022FD2}
	EndGlobalSection
EndGlobal
